
Microsoft Visual Studio Solution File, Format Version 12.00
# Visual Studio Version 16
VisualStudioVersion = 16.0.29424.173
MinimumVisualStudioVersion = 10.0.40219.1
Project("{FAE04EC0-301F-11D3-BF4B-00C04F79EFBC}") = "LP_06", "LP_06\LP_06.csproj", "{3FB2EB6D-790F-4385-B6D3-845DF09B4EE5}"
EndProject
Global
	GlobalSection(SolutionConfigurationPlatforms) = preSolution
		Debug|Any CPU = Debug|Any CPU
		Release|Any CPU = Release|Any CPU
	EndGlobalSection
	GlobalSection(ProjectConfigurationPlatforms) = postSolution
		{3FB2EB6D-790F-4385-B6D3-845DF09B4EE5}.Debug|Any CPU.ActiveCfg = Debug|Any CPU
		{3FB2EB6D-790F-4385-B6D3-845DF09B4EE5}.Debug|Any CPU.Build.0 = Debug|Any CPU
		{3FB2EB6D-790F-4385-B6D3-845DF09B4EE5}.Release|Any CPU.ActiveCfg = Release|Any CPU
		{3FB2EB6D-790F-4385-B6D3-845DF09B4EE5}.Release|Any CPU.Build.0 = Release|Any CPU
	EndGlobalSection
	GlobalSection(SolutionProperties) = preSolution
		HideSolutionNode = FALSE
	EndGlobalSection
	GlobalSection(ExtensibilityGlobals) = postSolution
		SolutionGuid = {A5397D82-D4A7-4EE8-B129-3EA466F4F47A}
	EndGlobalSection
EndGlobal
